Microsoft Visual Studio Solution File, Format Version 12.00
# Visual Studio Version 17
VisualStudioVersion = 17.5.2.0
MinimumVisualStudioVersion = 10.0.40219.1
Project("{2150E333-8FDC-42A3-9474-1A3956D46DE8}") = "dashboard", "dashboard", "{2360F3E6-04C8-649D-5938-B5231601C01C}"
EndProject
Project("{FAE04EC0-301F-11D3-BF4B-00C04F79EFBC}") = "ui-dashboard", "dashboard\ui-dashboard\ui-dashboard.csproj", "{B07A07E5-553E-A722-26EE-FEC99311127A}"
EndProject
Global
	GlobalSection(SolutionConfigurationPlatforms) = preSolution
		Debug|Any CPU = Debug|Any CPU
		Release|Any CPU = Release|Any CPU
	EndGlobalSection
	GlobalSection(ProjectConfigurationPlatforms) = postSolution
		{B07A07E5-553E-A722-26EE-FEC99311127A}.Debug|Any CPU.ActiveCfg = Debug|Any CPU
		{B07A07E5-553E-A722-26EE-FEC99311127A}.Debug|Any CPU.Build.0 = Debug|Any CPU
		{B07A07E5-553E-A722-26EE-FEC99311127A}.Release|Any CPU.ActiveCfg = Release|Any CPU
		{B07A07E5-553E-A722-26EE-FEC99311127A}.Release|Any CPU.Build.0 = Release|Any CPU
	EndGlobalSection
	GlobalSection(SolutionProperties) = preSolution
		HideSolutionNode = FALSE
	EndGlobalSection
	GlobalSection(NestedProjects) = preSolution
		{B07A07E5-553E-A722-26EE-FEC99311127A} = {2360F3E6-04C8-649D-5938-B5231601C01C}
	EndGlobalSection
	GlobalSection(ExtensibilityGlobals) = postSolution
		SolutionGuid = {F75286A9-516F-4CDB-B934-B1BE11348C01}
	EndGlobalSection
EndGlobal
